
Microsoft Visual Studio Solution File, Format Version 12.00
# Visual Studio Version 17
VisualStudioVersion = 17.4.32804.182
MinimumVisualStudioVersion = 10.0.40219.1
Project("{FAE04EC0-301F-11D3-BF4B-00C04F79EFBC}") = "cashregister", "cashregister\cashregister.csproj", "{9E028454-E903-4676-9E0D-FE17BE70B726}"
EndProject
Global
	GlobalSection(SolutionConfigurationPlatforms) = preSolution
		Debug|Any CPU = Debug|Any CPU
		Release|Any CPU = Release|Any CPU
	EndGlobalSection
	GlobalSection(ProjectConfigurationPlatforms) = postSolution
		{9E028454-E903-4676-9E0D-FE17BE70B726}.Debug|Any CPU.ActiveCfg = Debug|Any CPU
		{9E028454-E903-4676-9E0D-FE17BE70B726}.Debug|Any CPU.Build.0 = Debug|Any CPU
		{9E028454-E903-4676-9E0D-FE17BE70B726}.Release|Any CPU.ActiveCfg = Release|Any CPU
		{9E028454-E903-4676-9E0D-FE17BE70B726}.Release|Any CPU.Build.0 = Release|Any CPU
	EndGlobalSection
	GlobalSection(SolutionProperties) = preSolution
		HideSolutionNode = FALSE
	EndGlobalSection
	GlobalSection(ExtensibilityGlobals) = postSolution
		SolutionGuid = {6CB866E7-3824-49DF-B972-3BA112DDFE09}
	EndGlobalSection
EndGlobal
